GEM
  remote: https://rubygems.org/
  specs:
    mustermann (4.0.0)
    rack (3.2.6)
    tilt (2.8.0)

PLATFORMS
  ruby
  x86_64-linux

DEPENDENCIES
  mustermann
  rack
  tilt

CHECKSUMS
  bundler (4.0.11) sha256=5bcec0fb78302e48d02ee46f10ee6e6942be647ba5b44a6d1ddfda9a240ce785
  mustermann (4.0.0) sha256=91f67411bb208d1d93c41e6128cb3b0f8ddd9ec7c45966f1007e1c43c08040d7
  rack (3.2.6) sha256=5ed78e1f73b2e25679bec7d45ee2d4483cc4146eb1be0264fc4d94cb5ef212c2
  tilt (2.8.0) sha256=ba472eb2716fe1e04112d6d219a9dae938ec09a6a1e2ad3ecc7922e79bde3721

BUNDLED WITH
  4.0.11
