GEM
  remote: https://rubygems.org/
  specs:
    mustermann (3.1.1)
    rack (3.2.6)

PLATFORMS
  ruby
  x86_64-linux

DEPENDENCIES
  mustermann (~> 3.0)
  rack

CHECKSUMS
  bundler (4.0.11) sha256=5bcec0fb78302e48d02ee46f10ee6e6942be647ba5b44a6d1ddfda9a240ce785
  mustermann (3.1.1) sha256=4c6170c7234d5499c345562ba7c7dfe73e1754286dcc1abb053064d66a127198
  rack (3.2.6) sha256=5ed78e1f73b2e25679bec7d45ee2d4483cc4146eb1be0264fc4d94cb5ef212c2

BUNDLED WITH
  4.0.11
