GEM
  remote: https://rubygems.org/
  specs:
    bcrypt (3.1.22)
    bigdecimal (4.1.2)
    oj (3.17.5)
      bigdecimal (>= 3.0)
      ostruct (>= 0.2)
    ostruct (0.6.3)
    rack (3.2.6)
    sorbet-runtime (0.6.13392)

PLATFORMS
  aarch64-linux
  ruby

DEPENDENCIES
  bcrypt
  oj
  rack
  sorbet-runtime

CHECKSUMS
  bcrypt (3.1.22) sha256=1f0072e88c2d705d94aff7f2c5cb02eb3f1ec4b8368671e19112527489f29032
  bigdecimal (4.1.2) sha256=53d217666027eab4280346fba98e7d5b66baaae1b9c3c1c0ffe89d48188a3fbd
  oj (3.17.5) sha256=2f2150c335f53d19350394bcbb3d3d5de1a65f19963908d10c969cb27477efa2
  ostruct (0.6.3) sha256=95a2ed4a4bd1d190784e666b47b2d3f078e4a9efda2fccf18f84ddc6538ed912
  rack (3.2.6) sha256=5ed78e1f73b2e25679bec7d45ee2d4483cc4146eb1be0264fc4d94cb5ef212c2
  sorbet-runtime (0.6.13392) sha256=634503d0d9215b3b613c531126dcc0bc91da9ce77f68f7c518236461d74280b1

BUNDLED WITH
  4.0.16
